{
	"name": "shimmering-focus",
	"lockfileVersion": 3,
	"requires": true,
	"packages": {
		"": {
			"devDependencies": {
				"lightningcss-cli": "^1.26.0"
			}
		},
		"node_modules/detect-libc": {
			"version": "1.0.3",
			"resolved": "https://registry.npmjs.org/detect-libc/-/detect-libc-1.0.3.tgz",
			"integrity": "sha512-pGjwhsmsp4kL2RTz08wcOlGN83otlqHeD/Z5T8GXZB+/YcpQ/dgo+lbU8ZsGxV0HIvqqxo9l7mqYwyYMD9bKDg==",
			"dev": true,
			"license": "Apache-2.0",
			"bin": {
				"detect-libc": "bin/detect-libc.js"
			},
			"engines": {
				"node": ">=0.10"
			}
		},
		"node_modules/lightningcss-cli": {
			"version": "1.26.0",
			"resolved": "https://registry.npmjs.org/lightningcss-cli/-/lightningcss-cli-1.26.0.tgz",
			"integrity": "sha512-guvqLilK/ptQwqBDR6MNZLAp0yAyDe/Uomf+NOu1VsmR7QaDVILiDKPpcr33dsaSSqKVH3Uhv35j6EPdvohS4Q==",
			"dev": true,
			"hasInstallScript": true,
			"license": "MPL-2.0",
			"dependencies": {
				"detect-libc": "^1.0.3"
			},
			"bin": {
				"lightningcss": "lightningcss"
			},
			"engines": {
				"node": ">= 12.0.0"
			},
			"funding": {
				"type": "opencollective",
				"url": "https://opencollective.com/parcel"
			},
			"optionalDependencies": {
				"lightningcss-cli-darwin-arm64": "1.26.0",
				"lightningcss-cli-darwin-x64": "1.26.0",
				"lightningcss-cli-freebsd-x64": "1.26.0",
				"lightningcss-cli-linux-arm-gnueabihf": "1.26.0",
				"lightningcss-cli-linux-arm64-gnu": "1.26.0",
				"lightningcss-cli-linux-arm64-musl": "1.26.0",
				"lightningcss-cli-linux-x64-gnu": "1.26.0",
				"lightningcss-cli-linux-x64-musl": "1.26.0",
				"lightningcss-cli-win32-arm64-msvc": "1.26.0",
				"lightningcss-cli-win32-x64-msvc": "1.26.0"
			}
		},
		"node_modules/lightningcss-cli-darwin-arm64": {
			"version": "1.26.0",
			"resolved": "https://registry.npmjs.org/lightningcss-cli-darwin-arm64/-/lightningcss-cli-darwin-arm64-1.26.0.tgz",
			"integrity": "sha512-ztlxASFVcIhShPM7f7nwgz7SUv9wXfRHUhGk4/ACaTn18wm8gw7TG3WKF36NQ1zYJyhLEar7+Vd/SClKYTCrpg==",
			"cpu": [
				"arm64"
			],
			"dev": true,
			"license": "MPL-2.0",
			"optional": true,
			"os": [
				"darwin"
			],
			"engines": {
				"node": ">= 12.0.0"
			},
			"funding": {
				"type": "opencollective",
				"url": "https://opencollective.com/parcel"
			}
		},
		"node_modules/lightningcss-cli-darwin-x64": {
			"version": "1.26.0",
			"resolved": "https://registry.npmjs.org/lightningcss-cli-darwin-x64/-/lightningcss-cli-darwin-x64-1.26.0.tgz",
			"integrity": "sha512-qL2LO4dn4wBAlnNiJspojKZXxJqIvddLfmgH3rA6A7Q27qHt01LIOB9WMxriApLpTThYGH4c2fOd2oTFF17/5w==",
			"cpu": [
				"x64"
			],
			"dev": true,
			"license": "MPL-2.0",
			"optional": true,
			"os": [
				"darwin"
			],
			"engines": {
				"node": ">= 12.0.0"
			},
			"funding": {
				"type": "opencollective",
				"url": "https://opencollective.com/parcel"
			}
		},
		"node_modules/lightningcss-cli-freebsd-x64": {
			"version": "1.26.0",
			"resolved": "https://registry.npmjs.org/lightningcss-cli-freebsd-x64/-/lightningcss-cli-freebsd-x64-1.26.0.tgz",
			"integrity": "sha512-kKCL5zTgxcaqZMjXTG2Zj8br9pVlC8kF4Zj6tg/bQp/dEJ2cYWQ/Y2ZLYwulnMqyU/jN+mI6x0Z9a5RbjQ0iQw==",
			"cpu": [
				"x64"
			],
			"dev": true,
			"license": "MPL-2.0",
			"optional": true,
			"os": [
				"freebsd"
			],
			"engines": {
				"node": ">= 12.0.0"
			},
			"funding": {
				"type": "opencollective",
				"url": "https://opencollective.com/parcel"
			}
		},
		"node_modules/lightningcss-cli-linux-arm-gnueabihf": {
			"version": "1.26.0",
			"resolved": "https://registry.npmjs.org/lightningcss-cli-linux-arm-gnueabihf/-/lightningcss-cli-linux-arm-gnueabihf-1.26.0.tgz",
			"integrity": "sha512-ZX54fDqvyMUGuIZjv+bUth3O23g62Y7H33fKuDTHMi8z7F067gI40gjbC3BeCxpYbiOjbbE/6kHPibcGUy+xsQ==",
			"cpu": [
				"arm"
			],
			"dev": true,
			"license": "MPL-2.0",
			"optional": true,
			"os": [
				"linux"
			],
			"engines": {
				"node": ">= 12.0.0"
			},
			"funding": {
				"type": "opencollective",
				"url": "https://opencollective.com/parcel"
			}
		},
		"node_modules/lightningcss-cli-linux-arm64-gnu": {
			"version": "1.26.0",
			"resolved": "https://registry.npmjs.org/lightningcss-cli-linux-arm64-gnu/-/lightningcss-cli-linux-arm64-gnu-1.26.0.tgz",
			"integrity": "sha512-URhW35aInLYXiM5oYcYTl8vSnUer1fBP+sx5pzgPHmwGRFbuwY+KaUj8s0cIKulOoW1n3d/6/k2GrgYDIgrPmg==",
			"cpu": [
				"arm64"
			],
			"dev": true,
			"license": "MPL-2.0",
			"optional": true,
			"os": [
				"linux"
			],
			"engines": {
				"node": ">= 12.0.0"
			},
			"funding": {
				"type": "opencollective",
				"url": "https://opencollective.com/parcel"
			}
		},
		"node_modules/lightningcss-cli-linux-arm64-musl": {
			"version": "1.26.0",
			"resolved": "https://registry.npmjs.org/lightningcss-cli-linux-arm64-musl/-/lightningcss-cli-linux-arm64-musl-1.26.0.tgz",
			"integrity": "sha512-qaR+U4mdNSYsSaW/bqmWgSM7582i7iH/ShrJw1ut7dq7VeMxY44jZzacBjMVVyVZnlbNkhhiAtz9Ksj01gl8Bw==",
			"cpu": [
				"arm64"
			],
			"dev": true,
			"license": "MPL-2.0",
			"optional": true,
			"os": [
				"linux"
			],
			"engines": {
				"node": ">= 12.0.0"
			},
			"funding": {
				"type": "opencollective",
				"url": "https://opencollective.com/parcel"
			}
		},
		"node_modules/lightningcss-cli-linux-x64-gnu": {
			"version": "1.26.0",
			"resolved": "https://registry.npmjs.org/lightningcss-cli-linux-x64-gnu/-/lightningcss-cli-linux-x64-gnu-1.26.0.tgz",
			"integrity": "sha512-6EXxjBdE8xrHf7hearDq0xpmpK2IG8Ure7Cex70fxwVa24ISVxu08ifnftyrSOtmwJngp7PutRIJxCeMempy6Q==",
			"cpu": [
				"x64"
			],
			"dev": true,
			"license": "MPL-2.0",
			"optional": true,
			"os": [
				"linux"
			],
			"engines": {
				"node": ">= 12.0.0"
			},
			"funding": {
				"type": "opencollective",
				"url": "https://opencollective.com/parcel"
			}
		},
		"node_modules/lightningcss-cli-linux-x64-musl": {
			"version": "1.26.0",
			"resolved": "https://registry.npmjs.org/lightningcss-cli-linux-x64-musl/-/lightningcss-cli-linux-x64-musl-1.26.0.tgz",
			"integrity": "sha512-/0OrCqCGrb1yTKmkKpD5TS6pLzaRo1nfdqQSdj3ljtjePLSLZ4zmlSy8jQzWLj0Rd4neZrn5GTXes1IXeXKCZg==",
			"cpu": [
				"x64"
			],
			"dev": true,
			"license": "MPL-2.0",
			"optional": true,
			"os": [
				"linux"
			],
			"engines": {
				"node": ">= 12.0.0"
			},
			"funding": {
				"type": "opencollective",
				"url": "https://opencollective.com/parcel"
			}
		},
		"node_modules/lightningcss-cli-win32-arm64-msvc": {
			"version": "1.26.0",
			"resolved": "https://registry.npmjs.org/lightningcss-cli-win32-arm64-msvc/-/lightningcss-cli-win32-arm64-msvc-1.26.0.tgz",
			"integrity": "sha512-n33pwvOKZuqcbvwWPezH5A1Rsn+N1jNUXhdtXIldtuBqRhroPFixm2ryHht86A3cVPfmCdbFx3wxWXVwG1azUw==",
			"cpu": [
				"arm64"
			],
			"dev": true,
			"license": "MPL-2.0",
			"optional": true,
			"os": [
				"win32"
			],
			"engines": {
				"node": ">= 12.0.0"
			},
			"funding": {
				"type": "opencollective",
				"url": "https://opencollective.com/parcel"
			}
		},
		"node_modules/lightningcss-cli-win32-x64-msvc": {
			"version": "1.26.0",
			"resolved": "https://registry.npmjs.org/lightningcss-cli-win32-x64-msvc/-/lightningcss-cli-win32-x64-msvc-1.26.0.tgz",
			"integrity": "sha512-RrB10En50bq5V2eb8ZvO+miSpDsJZIGRzFjNAejEvpuaaIWibLcItXhuxbuAb3JWWJewRjX0wQlaG4ftXf+eVg==",
			"cpu": [
				"x64"
			],
			"dev": true,
			"license": "MPL-2.0",
			"optional": true,
			"os": [
				"win32"
			],
			"engines": {
				"node": ">= 12.0.0"
			},
			"funding": {
				"type": "opencollective",
				"url": "https://opencollective.com/parcel"
			}
		}
	}
}
