{
	"name": "shimmering-focus",
	"lockfileVersion": 3,
	"requires": true,
	"packages": {
		"": {
			"devDependencies": {
				"doiuse": "^6.0.5",
				"lightningcss-cli": "^1.26.0"
			}
		},
		"node_modules/@types/minimatch": {
			"version": "3.0.5",
			"resolved": "https://registry.npmjs.org/@types/minimatch/-/minimatch-3.0.5.tgz",
			"integrity": "sha512-Klz949h02Gz2uZCMGwDUSDS1YBlTdDDgbWHi+81l29tQALUtvz4rAYi5uoVhE5Lagoq6DeqAUlbrHvW/mXDgdQ==",
			"dev": true,
			"license": "MIT"
		},
		"node_modules/ansi-regex": {
			"version": "5.0.1",
			"resolved": "https://registry.npmjs.org/ansi-regex/-/ansi-regex-5.0.1.tgz",
			"integrity": "sha512-quJQXlTSUGL2LH9SUXo8VwsY4soanhgo6LNSm84E1LBcE8s3O0wpdiRzyR9z/ZZJMlMWv37qOOb9pdJlMUEKFQ==",
			"dev": true,
			"license": "MIT",
			"engines": {
				"node": ">=8"
			}
		},
		"node_modules/ansi-styles": {
			"version": "4.3.0",
			"resolved": "https://registry.npmjs.org/ansi-styles/-/ansi-styles-4.3.0.tgz",
			"integrity": "sha512-zbB9rCJAT1rbjiVDb2hqKFHNYLxgtk8NURxZ3IZwD3F6NtxbXZQCnnSi1Lkx+IDohdPlFp222wVALIheZJQSEg==",
			"dev": true,
			"license": "MIT",
			"dependencies": {
				"color-convert": "^2.0.1"
			},
			"engines": {
				"node": ">=8"
			},
			"funding": {
				"url": "https://github.com/chalk/ansi-styles?sponsor=1"
			}
		},
		"node_modules/array-differ": {
			"version": "3.0.0",
			"resolved": "https://registry.npmjs.org/array-differ/-/array-differ-3.0.0.tgz",
			"integrity": "sha512-THtfYS6KtME/yIAhKjZ2ul7XI96lQGHRputJQHO80LAWQnuGP4iCIN8vdMRboGbIEYBwU33q8Tch1os2+X0kMg==",
			"dev": true,
			"license": "MIT",
			"engines": {
				"node": ">=8"
			}
		},
		"node_modules/array-union": {
			"version": "2.1.0",
			"resolved": "https://registry.npmjs.org/array-union/-/array-union-2.1.0.tgz",
			"integrity": "sha512-HGyxoOTYUyCM6stUe6EJgnd4EoewAI7zMdfqO+kGjnlZmBDz/cR5pf8r/cR4Wq60sL/p0IkcjUEEPwS3GFrIyw==",
			"dev": true,
			"license": "MIT",
			"engines": {
				"node": ">=8"
			}
		},
		"node_modules/arrify": {
			"version": "2.0.1",
			"resolved": "https://registry.npmjs.org/arrify/-/arrify-2.0.1.tgz",
			"integrity": "sha512-3duEwti880xqi4eAMN8AyR4a0ByT90zoYdLlevfrvU43vb0YZwZVfxOgxWrLXXXpyugL0hNZc9G6BiB5B3nUug==",
			"dev": true,
			"license": "MIT",
			"engines": {
				"node": ">=8"
			}
		},
		"node_modules/balanced-match": {
			"version": "1.0.2",
			"resolved": "https://registry.npmjs.org/balanced-match/-/balanced-match-1.0.2.tgz",
			"integrity": "sha512-3oSeUO0TMV67hN1AmbXsK4yaqU7tjiHlbxRDZOpH0KW9+CeX4bRAaX0Anxt0tx2MrpRpWwQaPwIlISEJhYU5Pw==",
			"dev": true,
			"license": "MIT"
		},
		"node_modules/brace-expansion": {
			"version": "1.1.11",
			"resolved": "https://registry.npmjs.org/brace-expansion/-/brace-expansion-1.1.11.tgz",
			"integrity": "sha512-iCuPHDFgrHX7H2vEI/5xpz07zSHB00TpugqhmYtVmMO6518mCuRMoOYFldEBl0g187ufozdaHgWKcYFb61qGiA==",
			"dev": true,
			"license": "MIT",
			"dependencies": {
				"balanced-match": "^1.0.0",
				"concat-map": "0.0.1"
			}
		},
		"node_modules/browserslist": {
			"version": "4.24.2",
			"resolved": "https://registry.npmjs.org/browserslist/-/browserslist-4.24.2.tgz",
			"integrity": "sha512-ZIc+Q62revdMcqC6aChtW4jz3My3klmCO1fEmINZY/8J3EpBg5/A/D0AKmBveUh6pgoeycoMkVMko84tuYS+Gg==",
			"dev": true,
			"funding": [
				{
					"type": "opencollective",
					"url": "https://opencollective.com/browserslist"
				},
				{
					"type": "tidelift",
					"url": "https://tidelift.com/funding/github/npm/browserslist"
				},
				{
					"type": "github",
					"url": "https://github.com/sponsors/ai"
				}
			],
			"license": "MIT",
			"dependencies": {
				"caniuse-lite": "^1.0.30001669",
				"electron-to-chromium": "^1.5.41",
				"node-releases": "^2.0.18",
				"update-browserslist-db": "^1.1.1"
			},
			"bin": {
				"browserslist": "cli.js"
			},
			"engines": {
				"node": "^6 || ^7 || ^8 || ^9 || ^10 || ^11 || ^12 || >=13.7"
			}
		},
		"node_modules/caniuse-lite": {
			"version": "1.0.30001680",
			"resolved": "https://registry.npmjs.org/caniuse-lite/-/caniuse-lite-1.0.30001680.tgz",
			"integrity": "sha512-rPQy70G6AGUMnbwS1z6Xg+RkHYPAi18ihs47GH0jcxIG7wArmPgY3XbS2sRdBbxJljp3thdT8BIqv9ccCypiPA==",
			"dev": true,
			"funding": [
				{
					"type": "opencollective",
					"url": "https://opencollective.com/browserslist"
				},
				{
					"type": "tidelift",
					"url": "https://tidelift.com/funding/github/npm/caniuse-lite"
				},
				{
					"type": "github",
					"url": "https://github.com/sponsors/ai"
				}
			],
			"license": "CC-BY-4.0"
		},
		"node_modules/cliui": {
			"version": "8.0.1",
			"resolved": "https://registry.npmjs.org/cliui/-/cliui-8.0.1.tgz",
			"integrity": "sha512-BSeNnyus75C4//NQ9gQt1/csTXyo/8Sb+afLAkzAptFuMsod9HFokGNudZpi/oQV73hnVK+sR+5PVRMd+Dr7YQ==",
			"dev": true,
			"license": "ISC",
			"dependencies": {
				"string-width": "^4.2.0",
				"strip-ansi": "^6.0.1",
				"wrap-ansi": "^7.0.0"
			},
			"engines": {
				"node": ">=12"
			}
		},
		"node_modules/color-convert": {
			"version": "2.0.1",
			"resolved": "https://registry.npmjs.org/color-convert/-/color-convert-2.0.1.tgz",
			"integrity": "sha512-RRECPsj7iu/xb5oKYcsFHSppFNnsj/52OVTRKb4zP5onXwVF3zVmmToNcOfGC+CRDpfK/U584fMg38ZHCaElKQ==",
			"dev": true,
			"license": "MIT",
			"dependencies": {
				"color-name": "~1.1.4"
			},
			"engines": {
				"node": ">=7.0.0"
			}
		},
		"node_modules/color-name": {
			"version": "1.1.4",
			"resolved": "https://registry.npmjs.org/color-name/-/color-name-1.1.4.tgz",
			"integrity": "sha512-dOy+3AuW3a2wNbZHIuMZpTcgjGuLU/uBL/ubcZF9OXbDo8ff4O8yVp5Bf0efS8uEoYo5q4Fx7dY9OgQGXgAsQA==",
			"dev": true,
			"license": "MIT"
		},
		"node_modules/concat-map": {
			"version": "0.0.1",
			"resolved": "https://registry.npmjs.org/concat-map/-/concat-map-0.0.1.tgz",
			"integrity": "sha512-/Srv4dswyQNBfohGpz9o6Yb3Gz3SrUDqBH5rTuhGR7ahtlbYKnVxw2bCFMRljaA7EXHaXZ8wsHdodFvbkhKmqg==",
			"dev": true,
			"license": "MIT"
		},
		"node_modules/core-util-is": {
			"version": "1.0.3",
			"resolved": "https://registry.npmjs.org/core-util-is/-/core-util-is-1.0.3.tgz",
			"integrity": "sha512-ZQBvi1DcpJ4GDqanjucZ2Hj3wEO5pZDS89BWbkcrvdxksJorwUDDZamX9ldFkp9aw2lmBDLgkObEA4DWNJ9FYQ==",
			"dev": true,
			"license": "MIT"
		},
		"node_modules/css-tokenize": {
			"version": "1.0.1",
			"resolved": "https://registry.npmjs.org/css-tokenize/-/css-tokenize-1.0.1.tgz",
			"integrity": "sha512-gLmmbJdwH9HLY4bcA17lnZ8GgPwEXRbvxBJGHnkiB6gLhRpTzjkjtMIvz7YORGW/Ptv2oMk8b5g+u7mRD6Dd7A==",
			"dev": true,
			"license": "MIT",
			"dependencies": {
				"inherits": "^2.0.1",
				"readable-stream": "^1.0.33"
			}
		},
		"node_modules/detect-libc": {
			"version": "1.0.3",
			"resolved": "https://registry.npmjs.org/detect-libc/-/detect-libc-1.0.3.tgz",
			"integrity": "sha512-pGjwhsmsp4kL2RTz08wcOlGN83otlqHeD/Z5T8GXZB+/YcpQ/dgo+lbU8ZsGxV0HIvqqxo9l7mqYwyYMD9bKDg==",
			"dev": true,
			"license": "Apache-2.0",
			"bin": {
				"detect-libc": "bin/detect-libc.js"
			},
			"engines": {
				"node": ">=0.10"
			}
		},
		"node_modules/doiuse": {
			"version": "6.0.5",
			"resolved": "https://registry.npmjs.org/doiuse/-/doiuse-6.0.5.tgz",
			"integrity": "sha512-ljuf9ndGqKST0GlPAYyCg04hbQAeR1xIIWVDjQaDDkoTY/Y1Vb+8FNoy6NuVuJIEEKe/nKUH8NRWjG7JJxZ9Eg==",
			"dev": true,
			"license": "MIT",
			"dependencies": {
				"browserslist": "^4.24.0",
				"caniuse-lite": "^1.0.30001669",
				"css-tokenize": "^1.0.1",
				"duplexify": "^4.1.3",
				"multimatch": "^5.0.0",
				"postcss": "^8.4.47",
				"source-map": "^0.7.4",
				"yargs": "^17.7.2"
			},
			"bin": {
				"doiuse": "bin/cli.js"
			},
			"engines": {
				"node": ">=16"
			}
		},
		"node_modules/duplexify": {
			"version": "4.1.3",
			"resolved": "https://registry.npmjs.org/duplexify/-/duplexify-4.1.3.tgz",
			"integrity": "sha512-M3BmBhwJRZsSx38lZyhE53Csddgzl5R7xGJNk7CVddZD6CcmwMCH8J+7AprIrQKH7TonKxaCjcv27Qmf+sQ+oA==",
			"dev": true,
			"license": "MIT",
			"dependencies": {
				"end-of-stream": "^1.4.1",
				"inherits": "^2.0.3",
				"readable-stream": "^3.1.1",
				"stream-shift": "^1.0.2"
			}
		},
		"node_modules/duplexify/node_modules/readable-stream": {
			"version": "3.6.2",
			"resolved": "https://registry.npmjs.org/readable-stream/-/readable-stream-3.6.2.tgz",
			"integrity": "sha512-9u/sniCrY3D5WdsERHzHE4G2YCXqoG5FTHUiCC4SIbr6XcLZBY05ya9EKjYek9O5xOAwjGq+1JdGBAS7Q9ScoA==",
			"dev": true,
			"license": "MIT",
			"dependencies": {
				"inherits": "^2.0.3",
				"string_decoder": "^1.1.1",
				"util-deprecate": "^1.0.1"
			},
			"engines": {
				"node": ">= 6"
			}
		},
		"node_modules/duplexify/node_modules/string_decoder": {
			"version": "1.3.0",
			"resolved": "https://registry.npmjs.org/string_decoder/-/string_decoder-1.3.0.tgz",
			"integrity": "sha512-hkRX8U1WjJFd8LsDJ2yQ/wWWxaopEsABU1XfkM8A+j0+85JAGppt16cr1Whg6KIbb4okU6Mql6BOj+uup/wKeA==",
			"dev": true,
			"license": "MIT",
			"dependencies": {
				"safe-buffer": "~5.2.0"
			}
		},
		"node_modules/electron-to-chromium": {
			"version": "1.5.63",
			"resolved": "https://registry.npmjs.org/electron-to-chromium/-/electron-to-chromium-1.5.63.tgz",
			"integrity": "sha512-ddeXKuY9BHo/mw145axlyWjlJ1UBt4WK3AlvkT7W2AbqfRQoacVoRUCF6wL3uIx/8wT9oLKXzI+rFqHHscByaA==",
			"dev": true,
			"license": "ISC"
		},
		"node_modules/emoji-regex": {
			"version": "8.0.0",
			"resolved": "https://registry.npmjs.org/emoji-regex/-/emoji-regex-8.0.0.tgz",
			"integrity": "sha512-MSjYzcWNOA0ewAHpz0MxpYFvwg6yjy1NG3xteoqz644VCo/RPgnr1/GGt+ic3iJTzQ8Eu3TdM14SawnVUmGE6A==",
			"dev": true,
			"license": "MIT"
		},
		"node_modules/end-of-stream": {
			"version": "1.4.4",
			"resolved": "https://registry.npmjs.org/end-of-stream/-/end-of-stream-1.4.4.tgz",
			"integrity": "sha512-+uw1inIHVPQoaVuHzRyXd21icM+cnt4CzD5rW+NC1wjOUSTOs+Te7FOv7AhN7vS9x/oIyhLP5PR1H+phQAHu5Q==",
			"dev": true,
			"license": "MIT",
			"dependencies": {
				"once": "^1.4.0"
			}
		},
		"node_modules/escalade": {
			"version": "3.2.0",
			"resolved": "https://registry.npmjs.org/escalade/-/escalade-3.2.0.tgz",
			"integrity": "sha512-WUj2qlxaQtO4g6Pq5c29GTcWGDyd8itL8zTlipgECz3JesAiiOKotd8JU6otB3PACgG6xkJUyVhboMS+bje/jA==",
			"dev": true,
			"license": "MIT",
			"engines": {
				"node": ">=6"
			}
		},
		"node_modules/get-caller-file": {
			"version": "2.0.5",
			"resolved": "https://registry.npmjs.org/get-caller-file/-/get-caller-file-2.0.5.tgz",
			"integrity": "sha512-DyFP3BM/3YHTQOCUL/w0OZHR0lpKeGrxotcHWcqNEdnltqFwXVfhEBQ94eIo34AfQpo0rGki4cyIiftY06h2Fg==",
			"dev": true,
			"license": "ISC",
			"engines": {
				"node": "6.* || 8.* || >= 10.*"
			}
		},
		"node_modules/inherits": {
			"version": "2.0.4",
			"resolved": "https://registry.npmjs.org/inherits/-/inherits-2.0.4.tgz",
			"integrity": "sha512-k/vGaX4/Yla3WzyMCvTQOXYeIHvqOKtnqBduzTHpzpQZzAskKMhZ2K+EnBiSM9zGSoIFeMpXKxa4dYeZIQqewQ==",
			"dev": true,
			"license": "ISC"
		},
		"node_modules/is-fullwidth-code-point": {
			"version": "3.0.0",
			"resolved": "https://registry.npmjs.org/is-fullwidth-code-point/-/is-fullwidth-code-point-3.0.0.tgz",
			"integrity": "sha512-zymm5+u+sCsSWyD9qNaejV3DFvhCKclKdizYaJUuHA83RLjb7nSuGnddCHGv0hk+KY7BMAlsWeK4Ueg6EV6XQg==",
			"dev": true,
			"license": "MIT",
			"engines": {
				"node": ">=8"
			}
		},
		"node_modules/isarray": {
			"version": "0.0.1",
			"resolved": "https://registry.npmjs.org/isarray/-/isarray-0.0.1.tgz",
			"integrity": "sha512-D2S+3GLxWH+uhrNEcoh/fnmYeP8E8/zHl644d/jdA0g2uyXvy3sb0qxotE+ne0LtccHknQzWwZEzhak7oJ0COQ==",
			"dev": true,
			"license": "MIT"
		},
		"node_modules/lightningcss-cli": {
			"version": "1.26.0",
			"resolved": "https://registry.npmjs.org/lightningcss-cli/-/lightningcss-cli-1.26.0.tgz",
			"integrity": "sha512-guvqLilK/ptQwqBDR6MNZLAp0yAyDe/Uomf+NOu1VsmR7QaDVILiDKPpcr33dsaSSqKVH3Uhv35j6EPdvohS4Q==",
			"dev": true,
			"hasInstallScript": true,
			"license": "MPL-2.0",
			"dependencies": {
				"detect-libc": "^1.0.3"
			},
			"bin": {
				"lightningcss": "lightningcss"
			},
			"engines": {
				"node": ">= 12.0.0"
			},
			"funding": {
				"type": "opencollective",
				"url": "https://opencollective.com/parcel"
			},
			"optionalDependencies": {
				"lightningcss-cli-darwin-arm64": "1.26.0",
				"lightningcss-cli-darwin-x64": "1.26.0",
				"lightningcss-cli-freebsd-x64": "1.26.0",
				"lightningcss-cli-linux-arm-gnueabihf": "1.26.0",
				"lightningcss-cli-linux-arm64-gnu": "1.26.0",
				"lightningcss-cli-linux-arm64-musl": "1.26.0",
				"lightningcss-cli-linux-x64-gnu": "1.26.0",
				"lightningcss-cli-linux-x64-musl": "1.26.0",
				"lightningcss-cli-win32-arm64-msvc": "1.26.0",
				"lightningcss-cli-win32-x64-msvc": "1.26.0"
			}
		},
		"node_modules/lightningcss-cli-darwin-arm64": {
			"version": "1.26.0",
			"resolved": "https://registry.npmjs.org/lightningcss-cli-darwin-arm64/-/lightningcss-cli-darwin-arm64-1.26.0.tgz",
			"integrity": "sha512-ztlxASFVcIhShPM7f7nwgz7SUv9wXfRHUhGk4/ACaTn18wm8gw7TG3WKF36NQ1zYJyhLEar7+Vd/SClKYTCrpg==",
			"cpu": [
				"arm64"
			],
			"dev": true,
			"license": "MPL-2.0",
			"optional": true,
			"os": [
				"darwin"
			],
			"engines": {
				"node": ">= 12.0.0"
			},
			"funding": {
				"type": "opencollective",
				"url": "https://opencollective.com/parcel"
			}
		},
		"node_modules/lightningcss-cli-darwin-x64": {
			"version": "1.26.0",
			"resolved": "https://registry.npmjs.org/lightningcss-cli-darwin-x64/-/lightningcss-cli-darwin-x64-1.26.0.tgz",
			"integrity": "sha512-qL2LO4dn4wBAlnNiJspojKZXxJqIvddLfmgH3rA6A7Q27qHt01LIOB9WMxriApLpTThYGH4c2fOd2oTFF17/5w==",
			"cpu": [
				"x64"
			],
			"dev": true,
			"license": "MPL-2.0",
			"optional": true,
			"os": [
				"darwin"
			],
			"engines": {
				"node": ">= 12.0.0"
			},
			"funding": {
				"type": "opencollective",
				"url": "https://opencollective.com/parcel"
			}
		},
		"node_modules/lightningcss-cli-freebsd-x64": {
			"version": "1.26.0",
			"resolved": "https://registry.npmjs.org/lightningcss-cli-freebsd-x64/-/lightningcss-cli-freebsd-x64-1.26.0.tgz",
			"integrity": "sha512-kKCL5zTgxcaqZMjXTG2Zj8br9pVlC8kF4Zj6tg/bQp/dEJ2cYWQ/Y2ZLYwulnMqyU/jN+mI6x0Z9a5RbjQ0iQw==",
			"cpu": [
				"x64"
			],
			"dev": true,
			"license": "MPL-2.0",
			"optional": true,
			"os": [
				"freebsd"
			],
			"engines": {
				"node": ">= 12.0.0"
			},
			"funding": {
				"type": "opencollective",
				"url": "https://opencollective.com/parcel"
			}
		},
		"node_modules/lightningcss-cli-linux-arm-gnueabihf": {
			"version": "1.26.0",
			"resolved": "https://registry.npmjs.org/lightningcss-cli-linux-arm-gnueabihf/-/lightningcss-cli-linux-arm-gnueabihf-1.26.0.tgz",
			"integrity": "sha512-ZX54fDqvyMUGuIZjv+bUth3O23g62Y7H33fKuDTHMi8z7F067gI40gjbC3BeCxpYbiOjbbE/6kHPibcGUy+xsQ==",
			"cpu": [
				"arm"
			],
			"dev": true,
			"license": "MPL-2.0",
			"optional": true,
			"os": [
				"linux"
			],
			"engines": {
				"node": ">= 12.0.0"
			},
			"funding": {
				"type": "opencollective",
				"url": "https://opencollective.com/parcel"
			}
		},
		"node_modules/lightningcss-cli-linux-arm64-gnu": {
			"version": "1.26.0",
			"resolved": "https://registry.npmjs.org/lightningcss-cli-linux-arm64-gnu/-/lightningcss-cli-linux-arm64-gnu-1.26.0.tgz",
			"integrity": "sha512-URhW35aInLYXiM5oYcYTl8vSnUer1fBP+sx5pzgPHmwGRFbuwY+KaUj8s0cIKulOoW1n3d/6/k2GrgYDIgrPmg==",
			"cpu": [
				"arm64"
			],
			"dev": true,
			"license": "MPL-2.0",
			"optional": true,
			"os": [
				"linux"
			],
			"engines": {
				"node": ">= 12.0.0"
			},
			"funding": {
				"type": "opencollective",
				"url": "https://opencollective.com/parcel"
			}
		},
		"node_modules/lightningcss-cli-linux-arm64-musl": {
			"version": "1.26.0",
			"resolved": "https://registry.npmjs.org/lightningcss-cli-linux-arm64-musl/-/lightningcss-cli-linux-arm64-musl-1.26.0.tgz",
			"integrity": "sha512-qaR+U4mdNSYsSaW/bqmWgSM7582i7iH/ShrJw1ut7dq7VeMxY44jZzacBjMVVyVZnlbNkhhiAtz9Ksj01gl8Bw==",
			"cpu": [
				"arm64"
			],
			"dev": true,
			"license": "MPL-2.0",
			"optional": true,
			"os": [
				"linux"
			],
			"engines": {
				"node": ">= 12.0.0"
			},
			"funding": {
				"type": "opencollective",
				"url": "https://opencollective.com/parcel"
			}
		},
		"node_modules/lightningcss-cli-linux-x64-gnu": {
			"version": "1.26.0",
			"resolved": "https://registry.npmjs.org/lightningcss-cli-linux-x64-gnu/-/lightningcss-cli-linux-x64-gnu-1.26.0.tgz",
			"integrity": "sha512-6EXxjBdE8xrHf7hearDq0xpmpK2IG8Ure7Cex70fxwVa24ISVxu08ifnftyrSOtmwJngp7PutRIJxCeMempy6Q==",
			"cpu": [
				"x64"
			],
			"dev": true,
			"license": "MPL-2.0",
			"optional": true,
			"os": [
				"linux"
			],
			"engines": {
				"node": ">= 12.0.0"
			},
			"funding": {
				"type": "opencollective",
				"url": "https://opencollective.com/parcel"
			}
		},
		"node_modules/lightningcss-cli-linux-x64-musl": {
			"version": "1.26.0",
			"resolved": "https://registry.npmjs.org/lightningcss-cli-linux-x64-musl/-/lightningcss-cli-linux-x64-musl-1.26.0.tgz",
			"integrity": "sha512-/0OrCqCGrb1yTKmkKpD5TS6pLzaRo1nfdqQSdj3ljtjePLSLZ4zmlSy8jQzWLj0Rd4neZrn5GTXes1IXeXKCZg==",
			"cpu": [
				"x64"
			],
			"dev": true,
			"license": "MPL-2.0",
			"optional": true,
			"os": [
				"linux"
			],
			"engines": {
				"node": ">= 12.0.0"
			},
			"funding": {
				"type": "opencollective",
				"url": "https://opencollective.com/parcel"
			}
		},
		"node_modules/lightningcss-cli-win32-arm64-msvc": {
			"version": "1.26.0",
			"resolved": "https://registry.npmjs.org/lightningcss-cli-win32-arm64-msvc/-/lightningcss-cli-win32-arm64-msvc-1.26.0.tgz",
			"integrity": "sha512-n33pwvOKZuqcbvwWPezH5A1Rsn+N1jNUXhdtXIldtuBqRhroPFixm2ryHht86A3cVPfmCdbFx3wxWXVwG1azUw==",
			"cpu": [
				"arm64"
			],
			"dev": true,
			"license": "MPL-2.0",
			"optional": true,
			"os": [
				"win32"
			],
			"engines": {
				"node": ">= 12.0.0"
			},
			"funding": {
				"type": "opencollective",
				"url": "https://opencollective.com/parcel"
			}
		},
		"node_modules/lightningcss-cli-win32-x64-msvc": {
			"version": "1.26.0",
			"resolved": "https://registry.npmjs.org/lightningcss-cli-win32-x64-msvc/-/lightningcss-cli-win32-x64-msvc-1.26.0.tgz",
			"integrity": "sha512-RrB10En50bq5V2eb8ZvO+miSpDsJZIGRzFjNAejEvpuaaIWibLcItXhuxbuAb3JWWJewRjX0wQlaG4ftXf+eVg==",
			"cpu": [
				"x64"
			],
			"dev": true,
			"license": "MPL-2.0",
			"optional": true,
			"os": [
				"win32"
			],
			"engines": {
				"node": ">= 12.0.0"
			},
			"funding": {
				"type": "opencollective",
				"url": "https://opencollective.com/parcel"
			}
		},
		"node_modules/minimatch": {
			"version": "3.1.2",
			"resolved": "https://registry.npmjs.org/minimatch/-/minimatch-3.1.2.tgz",
			"integrity": "sha512-J7p63hRiAjw1NDEww1W7i37+ByIrOWO5XQQAzZ3VOcL0PNybwpfmV/N05zFAzwQ9USyEcX6t3UO+K5aqBQOIHw==",
			"dev": true,
			"license": "ISC",
			"dependencies": {
				"brace-expansion": "^1.1.7"
			},
			"engines": {
				"node": "*"
			}
		},
		"node_modules/multimatch": {
			"version": "5.0.0",
			"resolved": "https://registry.npmjs.org/multimatch/-/multimatch-5.0.0.tgz",
			"integrity": "sha512-ypMKuglUrZUD99Tk2bUQ+xNQj43lPEfAeX2o9cTteAmShXy2VHDJpuwu1o0xqoKCt9jLVAvwyFKdLTPXKAfJyA==",
			"dev": true,
			"license": "MIT",
			"dependencies": {
				"@types/minimatch": "^3.0.3",
				"array-differ": "^3.0.0",
				"array-union": "^2.1.0",
				"arrify": "^2.0.1",
				"minimatch": "^3.0.4"
			},
			"engines": {
				"node": ">=10"
			},
			"funding": {
				"url": "https://github.com/sponsors/sindresorhus"
			}
		},
		"node_modules/nanoid": {
			"version": "3.3.7",
			"resolved": "https://registry.npmjs.org/nanoid/-/nanoid-3.3.7.tgz",
			"integrity": "sha512-eSRppjcPIatRIMC1U6UngP8XFcz8MQWGQdt1MTBQ7NaAmvXDfvNxbvWV3x2y6CdEUciCSsDHDQZbhYaB8QEo2g==",
			"dev": true,
			"funding": [
				{
					"type": "github",
					"url": "https://github.com/sponsors/ai"
				}
			],
			"license": "MIT",
			"bin": {
				"nanoid": "bin/nanoid.cjs"
			},
			"engines": {
				"node": "^10 || ^12 || ^13.7 || ^14 || >=15.0.1"
			}
		},
		"node_modules/node-releases": {
			"version": "2.0.18",
			"resolved": "https://registry.npmjs.org/node-releases/-/node-releases-2.0.18.tgz",
			"integrity": "sha512-d9VeXT4SJ7ZeOqGX6R5EM022wpL+eWPooLI+5UpWn2jCT1aosUQEhQP214x33Wkwx3JQMvIm+tIoVOdodFS40g==",
			"dev": true,
			"license": "MIT"
		},
		"node_modules/once": {
			"version": "1.4.0",
			"resolved": "https://registry.npmjs.org/once/-/once-1.4.0.tgz",
			"integrity": "sha512-lNaJgI+2Q5URQBkccEKHTQOPaXdUxnZZElQTZY0MFUAuaEqe1E+Nyvgdz/aIyNi6Z9MzO5dv1H8n58/GELp3+w==",
			"dev": true,
			"license": "ISC",
			"dependencies": {
				"wrappy": "1"
			}
		},
		"node_modules/picocolors": {
			"version": "1.1.1",
			"resolved": "https://registry.npmjs.org/picocolors/-/picocolors-1.1.1.tgz",
			"integrity": "sha512-xceH2snhtb5M9liqDsmEw56le376mTZkEX/jEb/RxNFyegNul7eNslCXP9FDj/Lcu0X8KEyMceP2ntpaHrDEVA==",
			"dev": true,
			"license": "ISC"
		},
		"node_modules/postcss": {
			"version": "8.4.49",
			"resolved": "https://registry.npmjs.org/postcss/-/postcss-8.4.49.tgz",
			"integrity": "sha512-OCVPnIObs4N29kxTjzLfUryOkvZEq+pf8jTF0lg8E7uETuWHA+v7j3c/xJmiqpX450191LlmZfUKkXxkTry7nA==",
			"dev": true,
			"funding": [
				{
					"type": "opencollective",
					"url": "https://opencollective.com/postcss/"
				},
				{
					"type": "tidelift",
					"url": "https://tidelift.com/funding/github/npm/postcss"
				},
				{
					"type": "github",
					"url": "https://github.com/sponsors/ai"
				}
			],
			"license": "MIT",
			"dependencies": {
				"nanoid": "^3.3.7",
				"picocolors": "^1.1.1",
				"source-map-js": "^1.2.1"
			},
			"engines": {
				"node": "^10 || ^12 || >=14"
			}
		},
		"node_modules/readable-stream": {
			"version": "1.1.14",
			"resolved": "https://registry.npmjs.org/readable-stream/-/readable-stream-1.1.14.tgz",
			"integrity": "sha512-+MeVjFf4L44XUkhM1eYbD8fyEsxcV81pqMSR5gblfcLCHfZvbrqy4/qYHE+/R5HoBUT11WV5O08Cr1n3YXkWVQ==",
			"dev": true,
			"license": "MIT",
			"dependencies": {
				"core-util-is": "~1.0.0",
				"inherits": "~2.0.1",
				"isarray": "0.0.1",
				"string_decoder": "~0.10.x"
			}
		},
		"node_modules/require-directory": {
			"version": "2.1.1",
			"resolved": "https://registry.npmjs.org/require-directory/-/require-directory-2.1.1.tgz",
			"integrity": "sha512-fGxEI7+wsG9xrvdjsrlmL22OMTTiHRwAMroiEeMgq8gzoLC/PQr7RsRDSTLUg/bZAZtF+TVIkHc6/4RIKrui+Q==",
			"dev": true,
			"license": "MIT",
			"engines": {
				"node": ">=0.10.0"
			}
		},
		"node_modules/safe-buffer": {
			"version": "5.2.1",
			"resolved": "https://registry.npmjs.org/safe-buffer/-/safe-buffer-5.2.1.tgz",
			"integrity": "sha512-rp3So07KcdmmKbGvgaNxQSJr7bGVSVk5S9Eq1F+ppbRo70+YeaDxkw5Dd8NPN+GD6bjnYm2VuPuCXmpuYvmCXQ==",
			"dev": true,
			"funding": [
				{
					"type": "github",
					"url": "https://github.com/sponsors/feross"
				},
				{
					"type": "patreon",
					"url": "https://www.patreon.com/feross"
				},
				{
					"type": "consulting",
					"url": "https://feross.org/support"
				}
			],
			"license": "MIT"
		},
		"node_modules/source-map": {
			"version": "0.7.4",
			"resolved": "https://registry.npmjs.org/source-map/-/source-map-0.7.4.tgz",
			"integrity": "sha512-l3BikUxvPOcn5E74dZiq5BGsTb5yEwhaTSzccU6t4sDOH8NWJCstKO5QT2CvtFoK6F0saL7p9xHAqHOlCPJygA==",
			"dev": true,
			"license": "BSD-3-Clause",
			"engines": {
				"node": ">= 8"
			}
		},
		"node_modules/source-map-js": {
			"version": "1.2.1",
			"resolved": "https://registry.npmjs.org/source-map-js/-/source-map-js-1.2.1.tgz",
			"integrity": "sha512-UXWMKhLOwVKb728IUtQPXxfYU+usdybtUrK/8uGE8CQMvrhOpwvzDBwj0QhSL7MQc7vIsISBG8VQ8+IDQxpfQA==",
			"dev": true,
			"license": "BSD-3-Clause",
			"engines": {
				"node": ">=0.10.0"
			}
		},
		"node_modules/stream-shift": {
			"version": "1.0.3",
			"resolved": "https://registry.npmjs.org/stream-shift/-/stream-shift-1.0.3.tgz",
			"integrity": "sha512-76ORR0DO1o1hlKwTbi/DM3EXWGf3ZJYO8cXX5RJwnul2DEg2oyoZyjLNoQM8WsvZiFKCRfC1O0J7iCvie3RZmQ==",
			"dev": true,
			"license": "MIT"
		},
		"node_modules/string_decoder": {
			"version": "0.10.31",
			"resolved": "https://registry.npmjs.org/string_decoder/-/string_decoder-0.10.31.tgz",
			"integrity": "sha512-ev2QzSzWPYmy9GuqfIVildA4OdcGLeFZQrq5ys6RtiuF+RQQiZWr8TZNyAcuVXyQRYfEO+MsoB/1BuQVhOJuoQ==",
			"dev": true,
			"license": "MIT"
		},
		"node_modules/string-width": {
			"version": "4.2.3",
			"resolved": "https://registry.npmjs.org/string-width/-/string-width-4.2.3.tgz",
			"integrity": "sha512-wKyQRQpjJ0sIp62ErSZdGsjMJWsap5oRNihHhu6G7JVO/9jIB6UyevL+tXuOqrng8j/cxKTWyWUwvSTriiZz/g==",
			"dev": true,
			"license": "MIT",
			"dependencies": {
				"emoji-regex": "^8.0.0",
				"is-fullwidth-code-point": "^3.0.0",
				"strip-ansi": "^6.0.1"
			},
			"engines": {
				"node": ">=8"
			}
		},
		"node_modules/strip-ansi": {
			"version": "6.0.1",
			"resolved": "https://registry.npmjs.org/strip-ansi/-/strip-ansi-6.0.1.tgz",
			"integrity": "sha512-Y38VPSHcqkFrCpFnQ9vuSXmquuv5oXOKpGeT6aGrr3o3Gc9AlVa6JBfUSOCnbxGGZF+/0ooI7KrPuUSztUdU5A==",
			"dev": true,
			"license": "MIT",
			"dependencies": {
				"ansi-regex": "^5.0.1"
			},
			"engines": {
				"node": ">=8"
			}
		},
		"node_modules/update-browserslist-db": {
			"version": "1.1.1",
			"resolved": "https://registry.npmjs.org/update-browserslist-db/-/update-browserslist-db-1.1.1.tgz",
			"integrity": "sha512-R8UzCaa9Az+38REPiJ1tXlImTJXlVfgHZsglwBD/k6nj76ctsH1E3q4doGrukiLQd3sGQYu56r5+lo5r94l29A==",
			"dev": true,
			"funding": [
				{
					"type": "opencollective",
					"url": "https://opencollective.com/browserslist"
				},
				{
					"type": "tidelift",
					"url": "https://tidelift.com/funding/github/npm/browserslist"
				},
				{
					"type": "github",
					"url": "https://github.com/sponsors/ai"
				}
			],
			"license": "MIT",
			"dependencies": {
				"escalade": "^3.2.0",
				"picocolors": "^1.1.0"
			},
			"bin": {
				"update-browserslist-db": "cli.js"
			},
			"peerDependencies": {
				"browserslist": ">= 4.21.0"
			}
		},
		"node_modules/util-deprecate": {
			"version": "1.0.2",
			"resolved": "https://registry.npmjs.org/util-deprecate/-/util-deprecate-1.0.2.tgz",
			"integrity": "sha512-EPD5q1uXyFxJpCrLnCc1nHnq3gOa6DZBocAIiI2TaSCA7VCJ1UJDMagCzIkXNsUYfD1daK//LTEQ8xiIbrHtcw==",
			"dev": true,
			"license": "MIT"
		},
		"node_modules/wrap-ansi": {
			"version": "7.0.0",
			"resolved": "https://registry.npmjs.org/wrap-ansi/-/wrap-ansi-7.0.0.tgz",
			"integrity": "sha512-YVGIj2kamLSTxw6NsZjoBxfSwsn0ycdesmc4p+Q21c5zPuZ1pl+NfxVdxPtdHvmNVOQ6XSYG4AUtyt/Fi7D16Q==",
			"dev": true,
			"license": "MIT",
			"dependencies": {
				"ansi-styles": "^4.0.0",
				"string-width": "^4.1.0",
				"strip-ansi": "^6.0.0"
			},
			"engines": {
				"node": ">=10"
			},
			"funding": {
				"url": "https://github.com/chalk/wrap-ansi?sponsor=1"
			}
		},
		"node_modules/wrappy": {
			"version": "1.0.2",
			"resolved": "https://registry.npmjs.org/wrappy/-/wrappy-1.0.2.tgz",
			"integrity": "sha512-l4Sp/DRseor9wL6EvV2+TuQn63dMkPjZ/sp9XkghTEbV9KlPS1xUsZ3u7/IQO4wxtcFB4bgpQPRcR3QCvezPcQ==",
			"dev": true,
			"license": "ISC"
		},
		"node_modules/y18n": {
			"version": "5.0.8",
			"resolved": "https://registry.npmjs.org/y18n/-/y18n-5.0.8.tgz",
			"integrity": "sha512-0pfFzegeDWJHJIAmTLRP2DwHjdF5s7jo9tuztdQxAhINCdvS+3nGINqPd00AphqJR/0LhANUS6/+7SCb98YOfA==",
			"dev": true,
			"license": "ISC",
			"engines": {
				"node": ">=10"
			}
		},
		"node_modules/yargs": {
			"version": "17.7.2",
			"resolved": "https://registry.npmjs.org/yargs/-/yargs-17.7.2.tgz",
			"integrity": "sha512-7dSzzRQ++CKnNI/krKnYRV7JKKPUXMEh61soaHKg9mrWEhzFWhFnxPxGl+69cD1Ou63C13NUPCnmIcrvqCuM6w==",
			"dev": true,
			"license": "MIT",
			"dependencies": {
				"cliui": "^8.0.1",
				"escalade": "^3.1.1",
				"get-caller-file": "^2.0.5",
				"require-directory": "^2.1.1",
				"string-width": "^4.2.3",
				"y18n": "^5.0.5",
				"yargs-parser": "^21.1.1"
			},
			"engines": {
				"node": ">=12"
			}
		},
		"node_modules/yargs-parser": {
			"version": "21.1.1",
			"resolved": "https://registry.npmjs.org/yargs-parser/-/yargs-parser-21.1.1.tgz",
			"integrity": "sha512-tVpsJW7DdjecAiFpbIB1e3qxIQsE6NoPc5/eTdrbbIC4h0LVsWhnoa3g+m2HclBIujHzsxZ4VJVA+GUuc2/LBw==",
			"dev": true,
			"license": "ISC",
			"engines": {
				"node": ">=12"
			}
		}
	}
}
